
Microsoft Visual Studio Solution File, Format Version 12.00
# Visual Studio Version 17
VisualStudioVersion = 17.11.35222.181
MinimumVisualStudioVersion = 10.0.40219.1
Project("{FAE04EC0-301F-11D3-BF4B-00C04F79EFBC}") = "Tienda Minorista", "Tienda Minorista\Tienda Minorista.csproj", "{2E103348-6E1E-49BB-85E5-36F3E9BDBE5E}"
EndProject
Project("{FAE04EC0-301F-11D3-BF4B-00C04F79EFBC}") = "TiendaMinorista.Model", "TiendaMinorista.Model\TiendaMinorista.Model.csproj", "{8F9D0E4A-38CA-4941-8BEC-AABB7013A279}"
EndProject
Project("{FAE04EC0-301F-11D3-BF4B-00C04F79EFBC}") = "Tienda Minorista.Data", "Tienda Minorista.Data\Tienda Minorista.Data.csproj", "{4EF6257C-725E-46B9-B8AD-0E376897105B}"
EndProject
Global
	GlobalSection(SolutionConfigurationPlatforms) = preSolution
		Debug|Any CPU = Debug|Any CPU
		Release|Any CPU = Release|Any CPU
	EndGlobalSection
	GlobalSection(ProjectConfigurationPlatforms) = postSolution
		{2E103348-6E1E-49BB-85E5-36F3E9BDBE5E}.Debug|Any CPU.ActiveCfg = Debug|Any CPU
		{2E103348-6E1E-49BB-85E5-36F3E9BDBE5E}.Debug|Any CPU.Build.0 = Debug|Any CPU
		{2E103348-6E1E-49BB-85E5-36F3E9BDBE5E}.Release|Any CPU.ActiveCfg = Release|Any CPU
		{2E103348-6E1E-49BB-85E5-36F3E9BDBE5E}.Release|Any CPU.Build.0 = Release|Any CPU
		{8F9D0E4A-38CA-4941-8BEC-AABB7013A279}.Debug|Any CPU.ActiveCfg = Debug|Any CPU
		{8F9D0E4A-38CA-4941-8BEC-AABB7013A279}.Debug|Any CPU.Build.0 = Debug|Any CPU
		{8F9D0E4A-38CA-4941-8BEC-AABB7013A279}.Release|Any CPU.ActiveCfg = Release|Any CPU
		{8F9D0E4A-38CA-4941-8BEC-AABB7013A279}.Release|Any CPU.Build.0 = Release|Any CPU
		{4EF6257C-725E-46B9-B8AD-0E376897105B}.Debug|Any CPU.ActiveCfg = Debug|Any CPU
		{4EF6257C-725E-46B9-B8AD-0E376897105B}.Debug|Any CPU.Build.0 = Debug|Any CPU
		{4EF6257C-725E-46B9-B8AD-0E376897105B}.Release|Any CPU.ActiveCfg = Release|Any CPU
		{4EF6257C-725E-46B9-B8AD-0E376897105B}.Release|Any CPU.Build.0 = Release|Any CPU
	EndGlobalSection
	GlobalSection(SolutionProperties) = preSolution
		HideSolutionNode = FALSE
	EndGlobalSection
	GlobalSection(ExtensibilityGlobals) = postSolution
		SolutionGuid = {A5A2A8A1-4169-4315-8725-CCEB91C58A89}
	EndGlobalSection
EndGlobal
